// !$*UTF8*$!
{
	archiveVersion = 1;
	classes = {
	};
	objectVersion = 46;
	objects = {

/* Begin PBXBuildFile section */
		AF47F65D150C5E05008337CF /* UPnPMappingTableController.rb in Resources */ = {isa = PBXBuildFile; fileRef = AF47F65C150C5E05008337CF /* UPnPMappingTableController.rb */; };
		AF7BEA2D150D7A0700DC4C24 /* UPnPTableRow.rb in Resources */ = {isa = PBXBuildFile; fileRef = AF7BEA2C150D7A0700DC4C24 /* UPnPTableRow.rb */; };
		AF7BEA2F150DB27200DC4C24 /* TCMPortMapper.bridgesupport in Resources */ = {isa = PBXBuildFile; fileRef = AF7BEA2E150DB27200DC4C24 /* TCMPortMapper.bridgesupport */; };
		AF830305150AE6A600940C5E /* Cocoa.framework in Frameworks */ = {isa = PBXBuildFile; fileRef = AF830304150AE6A600940C5E /* Cocoa.framework */; };
		AF830307150AE6A600940C5E /* MacRuby.framework in Frameworks */ = {isa = PBXBuildFile; fileRef = AF830306150AE6A600940C5E /* MacRuby.framework */; };
		AF830310150AE6A600940C5E /* InfoPlist.strings in Resources */ = {isa = PBXBuildFile; fileRef = AF83030E150AE6A600940C5E /* InfoPlist.strings */; };
		AF830312150AE6A600940C5E /* main.m in Sources */ = {isa = PBXBuildFile; fileRef = AF830311150AE6A600940C5E /* main.m */; };
		AF830317150AE6A600940C5E /* MainMenu.xib in Resources */ = {isa = PBXBuildFile; fileRef = AF830315150AE6A600940C5E /* MainMenu.xib */; };
		AF83031A150AE6A600940C5E /* rb_main.rb in Resources */ = {isa = PBXBuildFile; fileRef = AF830319150AE6A600940C5E /* rb_main.rb */; };
		AF83031C150AE6A600940C5E /* AppDelegate.rb in Resources */ = {isa = PBXBuildFile; fileRef = AF83031B150AE6A600940C5E /* AppDelegate.rb */; };
/* End PBXBuildFile section */

/* Begin PBXContainerItemProxy section */
		AF7BEA2A150C8B8C00DC4C24 /* PBXContainerItemProxy */ = {
			isa = PBXContainerItemProxy;
			containerPortal = AF8302F7150AE6A600940C5E /* Project object */;
			proxyType = 1;
			remoteGlobalIDString = AF7BEA25150C8B5F00DC4C24;
			remoteInfo = Submodules;
		};
		AF830309150AE6A600940C5E /* PBXContainerItemProxy */ = {
			isa = PBXContainerItemProxy;
			containerPortal = AF8302F7150AE6A600940C5E /* Project object */;
			proxyType = 1;
			remoteGlobalIDString = AF8302FF150AE6A600940C5E;
			remoteInfo = uTorrentRemover;
		};
		AFE91083150C475E00AD9FC3 /* PBXContainerItemProxy */ = {
			isa = PBXContainerItemProxy;
			containerPortal = AF8302F7150AE6A600940C5E /* Project object */;
			proxyType = 1;
			remoteGlobalIDString = AFE9107E150C472B00AD9FC3;
			remoteInfo = TCMPortMapper;
		};
/* End PBXContainerItemProxy section */

/* Begin PBXFileReference section */
		AF47F65C150C5E05008337CF /* UPnPMappingTableController.rb */ = {isa = PBXFileReference; fileEncoding = 4; lastKnownFileType = text.script.ruby; path = UPnPMappingTableController.rb; sourceTree = "<group>"; };
		AF7BEA2C150D7A0700DC4C24 /* UPnPTableRow.rb */ = {isa = PBXFileReference; fileEncoding = 4; lastKnownFileType = text.script.ruby; path = UPnPTableRow.rb; sourceTree = "<group>"; };
		AF7BEA2E150DB27200DC4C24 /* TCMPortMapper.bridgesupport */ = {isa = PBXFileReference; fileEncoding = 4; lastKnownFileType = text.xml; path = TCMPortMapper.bridgesupport; sourceTree = "<group>"; };
		AF830300150AE6A600940C5E /* uTorrentRemover.app */ = {isa = PBXFileReference; explicitFileType = wrapper.application; includeInIndex = 0; path = uTorrentRemover.app; sourceTree = BUILT_PRODUCTS_DIR; };
		AF830304150AE6A600940C5E /* Cocoa.framework */ = {isa = PBXFileReference; lastKnownFileType = wrapper.framework; name = Cocoa.framework; path = System/Library/Frameworks/Cocoa.framework; sourceTree = SDKROOT; };
		AF830306150AE6A600940C5E /* MacRuby.framework */ = {isa = PBXFileReference; lastKnownFileType = wrapper.framework; name = MacRuby.framework; path = Library/Frameworks/MacRuby.framework; sourceTree = DEVELOPER_DIR; };
		AF83030D150AE6A600940C5E /* uTorrentRemover-Info.plist */ = {isa = PBXFileReference; lastKnownFileType = text.plist.xml; path = "uTorrentRemover-Info.plist"; sourceTree = "<group>"; };
		AF83030F150AE6A600940C5E /* en */ = {isa = PBXFileReference; lastKnownFileType = text.plist.strings; name = en; path = en.lproj/InfoPlist.strings; sourceTree = "<group>"; };
		AF830311150AE6A600940C5E /* main.m */ = {isa = PBXFileReference; lastKnownFileType = sourcecode.c.objc; path = main.m; sourceTree = "<group>"; };
		AF830313150AE6A600940C5E /* uTorrentRemover-Prefix.pch */ = {isa = PBXFileReference; lastKnownFileType = sourcecode.c.h; path = "uTorrentRemover-Prefix.pch"; sourceTree = "<group>"; };
		AF830316150AE6A600940C5E /* en */ = {isa = PBXFileReference; lastKnownFileType = file.xib; name = en; path = en.lproj/MainMenu.xib; sourceTree = "<group>"; };
		AF830319150AE6A600940C5E /* rb_main.rb */ = {isa = PBXFileReference; lastKnownFileType = text.script.ruby; path = rb_main.rb; sourceTree = "<group>"; };
		AF83031B150AE6A600940C5E /* AppDelegate.rb */ = {isa = PBXFileReference; lastKnownFileType = text.script.ruby; path = AppDelegate.rb; sourceTree = "<group>"; };
		AFE9108B150C4A4900AD9FC3 /* TCMPortMapper.framework */ = {isa = PBXFileReference; lastKnownFileType = wrapper.framework; name = TCMPortMapper.framework; path = vendor/TCMPortMapper/build/Release/TCMPortMapper.framework; sourceTree = "<group>"; };
/* End PBXFileReference section */

/* Begin PBXFrameworksBuildPhase section */
		AF8302FD150AE6A600940C5E /* Frameworks */ = {
			isa = PBXFrameworksBuildPhase;
			buildActionMask = 2147483647;
			files = (
				AF830305150AE6A600940C5E /* Cocoa.framework in Frameworks */,
				AF830307150AE6A600940C5E /* MacRuby.framework in Frameworks */,
			);
			runOnlyForDeploymentPostprocessing = 0;
		};
/* End PBXFrameworksBuildPhase section */

/* Begin PBXGroup section */
		AF8302F5150AE6A600940C5E = {
			isa = PBXGroup;
			children = (
				AF83030B150AE6A600940C5E /* uTorrentRemover */,
				AF830303150AE6A600940C5E /* Frameworks */,
				AF830301150AE6A600940C5E /* Products */,
			);
			sourceTree = "<group>";
		};
		AF830301150AE6A600940C5E /* Products */ = {
			isa = PBXGroup;
			children = (
				AF830300150AE6A600940C5E /* uTorrentRemover.app */,
			);
			name = Products;
			sourceTree = "<group>";
		};
		AF830303150AE6A600940C5E /* Frameworks */ = {
			isa = PBXGroup;
			children = (
				AFE9108B150C4A4900AD9FC3 /* TCMPortMapper.framework */,
				AF830304150AE6A600940C5E /* Cocoa.framework */,
				AF830306150AE6A600940C5E /* MacRuby.framework */,
			);
			name = Frameworks;
			sourceTree = "<group>";
		};
		AF83030B150AE6A600940C5E /* uTorrentRemover */ = {
			isa = PBXGroup;
			children = (
				AF83031B150AE6A600940C5E /* AppDelegate.rb */,
				AF7BEA2C150D7A0700DC4C24 /* UPnPTableRow.rb */,
				AF47F65C150C5E05008337CF /* UPnPMappingTableController.rb */,
				AF830314150AE6A600940C5E /* Resources */,
				AF830318150AE6A600940C5E /* Other Sources */,
				AF83030C150AE6A600940C5E /* Supporting Files */,
			);
			path = uTorrentRemover;
			sourceTree = "<group>";
		};
		AF83030C150AE6A600940C5E /* Supporting Files */ = {
			isa = PBXGroup;
			children = (
				AF83030D150AE6A600940C5E /* uTorrentRemover-Info.plist */,
				AF83030E150AE6A600940C5E /* InfoPlist.strings */,
				AF830311150AE6A600940C5E /* main.m */,
				AF830313150AE6A600940C5E /* uTorrentRemover-Prefix.pch */,
			);
			name = "Supporting Files";
			sourceTree = "<group>";
		};
		AF830314150AE6A600940C5E /* Resources */ = {
			isa = PBXGroup;
			children = (
				AF7BEA2E150DB27200DC4C24 /* TCMPortMapper.bridgesupport */,
				AF830315150AE6A600940C5E /* MainMenu.xib */,
			);
			name = Resources;
			sourceTree = "<group>";
		};
		AF830318150AE6A600940C5E /* Other Sources */ = {
			isa = PBXGroup;
			children = (
				AF830319150AE6A600940C5E /* rb_main.rb */,
			);
			name = "Other Sources";
			sourceTree = "<group>";
		};
/* End PBXGroup section */

/* Begin PBXLegacyTarget section */
		AF7BEA25150C8B5F00DC4C24 /* Submodules */ = {
			isa = PBXLegacyTarget;
			buildArgumentsString = tcmportmapper;
			buildConfigurationList = AF7BEA28150C8B5F00DC4C24 /* Build configuration list for PBXLegacyTarget "Submodules" */;
			buildPhases = (
			);
			buildToolPath = rake;
			buildWorkingDirectory = "$(SOURCE_ROOT)";
			dependencies = (
			);
			name = Submodules;
			passBuildSettingsInEnvironment = 1;
			productName = Submodules;
		};
		AF830308150AE6A600940C5E /* Deployment */ = {
			isa = PBXLegacyTarget;
			buildArgumentsString = "--compile --embed";
			buildConfigurationList = AF830322150AE6A600940C5E /* Build configuration list for PBXLegacyTarget "Deployment" */;
			buildPhases = (
			);
			buildToolPath = /usr/local/bin/macruby_deploy;
			dependencies = (
				AF83030A150AE6A600940C5E /* PBXTargetDependency */,
			);
			name = Deployment;
			passBuildSettingsInEnvironment = 1;
			productName = Deployment;
		};
		AFE9107E150C472B00AD9FC3 /* TCMPortMapper */ = {
			isa = PBXLegacyTarget;
			buildArgumentsString = "";
			buildConfigurationList = AFE91081150C472B00AD9FC3 /* Build configuration list for PBXLegacyTarget "TCMPortMapper" */;
			buildPhases = (
			);
			buildToolPath = rake;
			buildWorkingDirectory = "$(SOURCE_ROOT)/vendor/TCMPortMapper";
			dependencies = (
				AF7BEA2B150C8B8C00DC4C24 /* PBXTargetDependency */,
			);
			name = TCMPortMapper;
			passBuildSettingsInEnvironment = 1;
			productName = TCMPortMapper;
		};
/* End PBXLegacyTarget section */

/* Begin PBXNativeTarget section */
		AF8302FF150AE6A600940C5E /* uTorrentRemover */ = {
			isa = PBXNativeTarget;
			buildConfigurationList = AF83031F150AE6A600940C5E /* Build configuration list for PBXNativeTarget "uTorrentRemover" */;
			buildPhases = (
				AF8302FC150AE6A600940C5E /* Sources */,
				AF8302FD150AE6A600940C5E /* Frameworks */,
				AF8302FE150AE6A600940C5E /* Resources */,
			);
			buildRules = (
			);
			dependencies = (
				AFE91084150C475E00AD9FC3 /* PBXTargetDependency */,
			);
			name = uTorrentRemover;
			productName = uTorrentRemover;
			productReference = AF830300150AE6A600940C5E /* uTorrentRemover.app */;
			productType = "com.apple.product-type.application";
		};
/* End PBXNativeTarget section */

/* Begin PBXProject section */
		AF8302F7150AE6A600940C5E /* Project object */ = {
			isa = PBXProject;
			attributes = {
				LastUpgradeCheck = 0430;
				ORGANIZATIONNAME = "Marketcircle Incorporated";
			};
			buildConfigurationList = AF8302FA150AE6A600940C5E /* Build configuration list for PBXProject "uTorrentRemover" */;
			compatibilityVersion = "Xcode 3.2";
			developmentRegion = English;
			hasScannedForEncodings = 0;
			knownRegions = (
				en,
			);
			mainGroup = AF8302F5150AE6A600940C5E;
			productRefGroup = AF830301150AE6A600940C5E /* Products */;
			projectDirPath = "";
			projectRoot = "";
			targets = (
				AF8302FF150AE6A600940C5E /* uTorrentRemover */,
				AF830308150AE6A600940C5E /* Deployment */,
				AFE9107E150C472B00AD9FC3 /* TCMPortMapper */,
				AF7BEA25150C8B5F00DC4C24 /* Submodules */,
			);
		};
/* End PBXProject section */

/* Begin PBXResourcesBuildPhase section */
		AF8302FE150AE6A600940C5E /* Resources */ = {
			isa = PBXResourcesBuildPhase;
			buildActionMask = 2147483647;
			files = (
				AF830310150AE6A600940C5E /* InfoPlist.strings in Resources */,
				AF830317150AE6A600940C5E /* MainMenu.xib in Resources */,
				AF83031A150AE6A600940C5E /* rb_main.rb in Resources */,
				AF83031C150AE6A600940C5E /* AppDelegate.rb in Resources */,
				AF47F65D150C5E05008337CF /* UPnPMappingTableController.rb in Resources */,
				AF7BEA2D150D7A0700DC4C24 /* UPnPTableRow.rb in Resources */,
				AF7BEA2F150DB27200DC4C24 /* TCMPortMapper.bridgesupport in Resources */,
			);
			runOnlyForDeploymentPostprocessing = 0;
		};
/* End PBXResourcesBuildPhase section */

/* Begin PBXSourcesBuildPhase section */
		AF8302FC150AE6A600940C5E /* Sources */ = {
			isa = PBXSourcesBuildPhase;
			buildActionMask = 2147483647;
			files = (
				AF830312150AE6A600940C5E /* main.m in Sources */,
			);
			runOnlyForDeploymentPostprocessing = 0;
		};
/* End PBXSourcesBuildPhase section */

/* Begin PBXTargetDependency section */
		AF7BEA2B150C8B8C00DC4C24 /* PBXTargetDependency */ = {
			isa = PBXTargetDependency;
			target = AF7BEA25150C8B5F00DC4C24 /* Submodules */;
			targetProxy = AF7BEA2A150C8B8C00DC4C24 /* PBXContainerItemProxy */;
		};
		AF83030A150AE6A600940C5E /* PBXTargetDependency */ = {
			isa = PBXTargetDependency;
			target = AF8302FF150AE6A600940C5E /* uTorrentRemover */;
			targetProxy = AF830309150AE6A600940C5E /* PBXContainerItemProxy */;
		};
		AFE91084150C475E00AD9FC3 /* PBXTargetDependency */ = {
			isa = PBXTargetDependency;
			target = AFE9107E150C472B00AD9FC3 /* TCMPortMapper */;
			targetProxy = AFE91083150C475E00AD9FC3 /* PBXContainerItemProxy */;
		};
/* End PBXTargetDependency section */

/* Begin PBXVariantGroup section */
		AF83030E150AE6A600940C5E /* InfoPlist.strings */ = {
			isa = PBXVariantGroup;
			children = (
				AF83030F150AE6A600940C5E /* en */,
			);
			name = InfoPlist.strings;
			sourceTree = "<group>";
		};
		AF830315150AE6A600940C5E /* MainMenu.xib */ = {
			isa = PBXVariantGroup;
			children = (
				AF830316150AE6A600940C5E /* en */,
			);
			name = MainMenu.xib;
			sourceTree = "<group>";
		};
/* End PBXVariantGroup section */

/* Begin XCBuildConfiguration section */
		AF7BEA26150C8B5F00DC4C24 /* Debug */ = {
			isa = XCBuildConfiguration;
			buildSettings = {
				DEBUGGING_SYMBOLS = YES;
				GCC_GENERATE_DEBUGGING_SYMBOLS = YES;
				GCC_OPTIMIZATION_LEVEL = 0;
				OTHER_CFLAGS = "";
				OTHER_LDFLAGS = "";
				PRODUCT_NAME = "$(TARGET_NAME)";
			};
			name = Debug;
		};
		AF7BEA27150C8B5F00DC4C24 /* Release */ = {
			isa = XCBuildConfiguration;
			buildSettings = {
				OTHER_CFLAGS = "";
				OTHER_LDFLAGS = "";
				PRODUCT_NAME = "$(TARGET_NAME)";
			};
			name = Release;
		};
		AF83031D150AE6A600940C5E /* Debug */ = {
			isa = XCBuildConfiguration;
			buildSettings = {
				ALWAYS_SEARCH_USER_PATHS = NO;
				ARCHS = "$(ARCHS_STANDARD_64_BIT)";
				COPY_PHASE_STRIP = NO;
				GCC_C_LANGUAGE_STANDARD = gnu99;
				GCC_DYNAMIC_NO_PIC = NO;
				GCC_ENABLE_OBJC_EXCEPTIONS = YES;
				GCC_OPTIMIZATION_LEVEL = 0;
				GCC_PREPROCESSOR_DEFINITIONS = (
					"DEBUG=1",
					"$(inherited)",
				);
				GCC_SYMBOLS_PRIVATE_EXTERN = NO;
				GCC_VERSION = com.apple.compilers.llvm.clang.1_0;
				GCC_WARN_64_TO_32_BIT_CONVERSION = YES;
				GCC_WARN_ABOUT_RETURN_TYPE = YES;
				GCC_WARN_UNINITIALIZED_AUTOS = YES;
				GCC_WARN_UNUSED_VARIABLE = YES;
				MACOSX_DEPLOYMENT_TARGET = 10.7;
				ONLY_ACTIVE_ARCH = YES;
				SDKROOT = macosx;
			};
			name = Debug;
		};
		AF83031E150AE6A600940C5E /* Release */ = {
			isa = XCBuildConfiguration;
			buildSettings = {
				ALWAYS_SEARCH_USER_PATHS = NO;
				ARCHS = "$(ARCHS_STANDARD_64_BIT)";
				COPY_PHASE_STRIP = YES;
				DEBUG_INFORMATION_FORMAT = "dwarf-with-dsym";
				GCC_C_LANGUAGE_STANDARD = gnu99;
				GCC_ENABLE_OBJC_EXCEPTIONS = YES;
				GCC_VERSION = com.apple.compilers.llvm.clang.1_0;
				GCC_WARN_64_TO_32_BIT_CONVERSION = YES;
				GCC_WARN_ABOUT_RETURN_TYPE = YES;
				GCC_WARN_UNINITIALIZED_AUTOS = YES;
				GCC_WARN_UNUSED_VARIABLE = YES;
				MACOSX_DEPLOYMENT_TARGET = 10.7;
				SDKROOT = macosx;
			};
			name = Release;
		};
		AF830320150AE6A600940C5E /* Debug */ = {
			isa = XCBuildConfiguration;
			buildSettings = {
				ARCHS = x86_64;
				FRAMEWORK_SEARCH_PATHS = (
					"$(inherited)",
					"\"$(SYSTEM_APPS_DIR)/Xcode.app/Contents/Developer/Library/Frameworks\"",
					"\"$(SRCROOT)\"",
					"\"$(SRCROOT)/vendor/TCMPortMapper/build/Release\"",
				);
				GCC_ENABLE_OBJC_GC = required;
				GCC_PRECOMPILE_PREFIX_HEADER = YES;
				GCC_PREFIX_HEADER = "uTorrentRemover/uTorrentRemover-Prefix.pch";
				INFOPLIST_FILE = "uTorrentRemover/uTorrentRemover-Info.plist";
				PRODUCT_NAME = "$(TARGET_NAME)";
				WRAPPER_EXTENSION = app;
			};
			name = Debug;
		};
		AF830321150AE6A600940C5E /* Release */ = {
			isa = XCBuildConfiguration;
			buildSettings = {
				ARCHS = x86_64;
				FRAMEWORK_SEARCH_PATHS = (
					"$(inherited)",
					"\"$(SYSTEM_APPS_DIR)/Xcode.app/Contents/Developer/Library/Frameworks\"",
					"\"$(SRCROOT)\"",
					"\"$(SRCROOT)/vendor/TCMPortMapper/build/Release\"",
				);
				GCC_ENABLE_OBJC_GC = required;
				GCC_PRECOMPILE_PREFIX_HEADER = YES;
				GCC_PREFIX_HEADER = "uTorrentRemover/uTorrentRemover-Prefix.pch";
				INFOPLIST_FILE = "uTorrentRemover/uTorrentRemover-Info.plist";
				PRODUCT_NAME = "$(TARGET_NAME)";
				WRAPPER_EXTENSION = app;
			};
			name = Release;
		};
		AF830323150AE6A600940C5E /* Debug */ = {
			isa = XCBuildConfiguration;
			buildSettings = {
			};
			name = Debug;
		};
		AF830324150AE6A600940C5E /* Release */ = {
			isa = XCBuildConfiguration;
			buildSettings = {
			};
			name = Release;
		};
		AFE9107F150C472B00AD9FC3 /* Debug */ = {
			isa = XCBuildConfiguration;
			buildSettings = {
				DEBUGGING_SYMBOLS = YES;
				GCC_GENERATE_DEBUGGING_SYMBOLS = YES;
				GCC_OPTIMIZATION_LEVEL = 0;
				OTHER_CFLAGS = "";
				OTHER_LDFLAGS = "";
				PRODUCT_NAME = "$(TARGET_NAME)";
			};
			name = Debug;
		};
		AFE91080150C472B00AD9FC3 /* Release */ = {
			isa = XCBuildConfiguration;
			buildSettings = {
				OTHER_CFLAGS = "";
				OTHER_LDFLAGS = "";
				PRODUCT_NAME = "$(TARGET_NAME)";
			};
			name = Release;
		};
/* End XCBuildConfiguration section */

/* Begin XCConfigurationList section */
		AF7BEA28150C8B5F00DC4C24 /* Build configuration list for PBXLegacyTarget "Submodules" */ = {
			isa = XCConfigurationList;
			buildConfigurations = (
				AF7BEA26150C8B5F00DC4C24 /* Debug */,
				AF7BEA27150C8B5F00DC4C24 /* Release */,
			);
			defaultConfigurationIsVisible = 0;
		};
		AF8302FA150AE6A600940C5E /* Build configuration list for PBXProject "uTorrentRemover" */ = {
			isa = XCConfigurationList;
			buildConfigurations = (
				AF83031D150AE6A600940C5E /* Debug */,
				AF83031E150AE6A600940C5E /* Release */,
			);
			defaultConfigurationIsVisible = 0;
			defaultConfigurationName = Release;
		};
		AF83031F150AE6A600940C5E /* Build configuration list for PBXNativeTarget "uTorrentRemover" */ = {
			isa = XCConfigurationList;
			buildConfigurations = (
				AF830320150AE6A600940C5E /* Debug */,
				AF830321150AE6A600940C5E /* Release */,
			);
			defaultConfigurationIsVisible = 0;
			defaultConfigurationName = Release;
		};
		AF830322150AE6A600940C5E /* Build configuration list for PBXLegacyTarget "Deployment" */ = {
			isa = XCConfigurationList;
			buildConfigurations = (
				AF830323150AE6A600940C5E /* Debug */,
				AF830324150AE6A600940C5E /* Release */,
			);
			defaultConfigurationIsVisible = 0;
			defaultConfigurationName = Release;
		};
		AFE91081150C472B00AD9FC3 /* Build configuration list for PBXLegacyTarget "TCMPortMapper" */ = {
			isa = XCConfigurationList;
			buildConfigurations = (
				AFE9107F150C472B00AD9FC3 /* Debug */,
				AFE91080150C472B00AD9FC3 /* Release */,
			);
			defaultConfigurationIsVisible = 0;
			defaultConfigurationName = Release;
		};
/* End XCConfigurationList section */
	};
	rootObject = AF8302F7150AE6A600940C5E /* Project object */;
}
